
Microsoft Visual Studio Solution File, Format Version 12.00
# Visual Studio Version 16
VisualStudioVersion = 16.0.32002.261
MinimumVisualStudioVersion = 10.0.40219.1
Project("{FAE04EC0-301F-11D3-BF4B-00C04F79EFBC}") = "Cameca.CustomAnalysis.DrawFunction", "Cameca.CustomAnalysis.DrawFunction\Cameca.CustomAnalysis.DrawFunction.csproj", "{12E04FE9-6B83-4459-90AE-2E9BF919CBA6}"
EndProject
Global
	GlobalSection(SolutionConfigurationPlatforms) = preSolution
		Debug|Any CPU = Debug|Any CPU
		Release|Any CPU = Release|Any CPU
	EndGlobalSection
	GlobalSection(ProjectConfigurationPlatforms) = postSolution
		{12E04FE9-6B83-4459-90AE-2E9BF919CBA6}.Debug|Any CPU.ActiveCfg = Debug|x64
		{12E04FE9-6B83-4459-90AE-2E9BF919CBA6}.Debug|Any CPU.Build.0 = Debug|x64
		{12E04FE9-6B83-4459-90AE-2E9BF919CBA6}.Release|Any CPU.ActiveCfg = Release|x64
		{12E04FE9-6B83-4459-90AE-2E9BF919CBA6}.Release|Any CPU.Build.0 = Release|x64
	EndGlobalSection
	GlobalSection(SolutionProperties) = preSolution
		HideSolutionNode = FALSE
	EndGlobalSection
	GlobalSection(ExtensibilityGlobals) = postSolution
		SolutionGuid = {D4CF4A20-82F4-474B-A8FC-8661AE407761}
	EndGlobalSection
EndGlobal
